github.com/hshimamoto/go-iorelay v0.0.0-20200822035826-c2d7a868b951/go.mod h1:uyVVJ1n2K6ncZzpmp7EpaRzFfwsJcBg6Y1hXMeainSs=
github.com/hshimamoto/go-iorelay v0.0.0-20201020222359-2da2fb3d13ee h1:+25IL2fmCCFbP0642MefSzjuRP9diYgIVcdgSeIj4wU=
github.com/hshimamoto/go-iorelay v0.0.0-20201020222359-2da2fb3d13ee/go.mod h1:RnNNJphZLQlR3mzcQCGmkbu3XaLJgk4UeK9TYKxhJxY=
github.com/hshimamoto/go-session v0.0.0-20211024231125-7561184f2955 h1:H4ZeYxzvmIPwQfGPYTUwOKci5C14D/owvSY6zSIUOpI=
github.com/hshimamoto/go-session v0.0.0-20211024231125-7561184f2955/go.mod h1:IhbipXykKkeYvxEc4oGb9cHOsepjyjH4DoRRO2IywiE=
